
Microsoft Visual Studio Solution File, Format Version 12.00
# Visual Studio Version 17
VisualStudioVersion = 17.12.35707.178
MinimumVisualStudioVersion = 10.0.40219.1
Project("{FAE04EC0-301F-11D3-BF4B-00C04F79EFBC}") = "Generics", "Generics\Generics.csproj", "{CB614FAB-C68F-4DA0-946E-C6FB6923B8B5}"
EndProject
Project("{FAE04EC0-301F-11D3-BF4B-00C04F79EFBC}") = "Generic_Exercicio", "Generic_Exercicio\Generic_Exercicio.csproj", "{4C129AF3-1BDB-42E8-98B6-08222DFF573C}"
EndProject
Project("{FAE04EC0-301F-11D3-BF4B-00C04F79EFBC}") = "GetHashCodeAndEquals", "GetHashCodeAndEquals\GetHashCodeAndEquals.csproj", "{3AA8323E-D46E-40D2-85DF-9A13531A3DFD}"
EndProject
Project("{FAE04EC0-301F-11D3-BF4B-00C04F79EFBC}") = "GetHashCode", "GetHashCode\GetHashCode.csproj", "{90E7F163-9D88-4F58-BACA-5176B618D232}"
EndProject
Project("{FAE04EC0-301F-11D3-BF4B-00C04F79EFBC}") = "Dicionario", "Dicionario\Dicionario.csproj", "{83F37E6F-A3FC-4230-9905-7F0DE29AE864}"
EndProject
Project("{FAE04EC0-301F-11D3-BF4B-00C04F79EFBC}") = "Dicionario_Exercicio", "Dicionario_Exercicio\Dicionario_Exercicio.csproj", "{7480FC2F-9BED-4F9D-9076-D42AF2C5ABEE}"
EndProject
Project("{FAE04EC0-301F-11D3-BF4B-00C04F79EFBC}") = "SortedDicionario", "SortedDicionario\SortedDicionario.csproj", "{EA075DB1-D9BF-47FF-AD82-98B5BCE97C4F}"
EndProject
Project("{FAE04EC0-301F-11D3-BF4B-00C04F79EFBC}") = "SetCollection", "SetCollection\SetCollection.csproj", "{1FF8C559-A281-4834-A1AA-1C828C51DF89}"
EndProject
Project("{FAE04EC0-301F-11D3-BF4B-00C04F79EFBC}") = "HashSet_Part_II", "HashSet_Part_II\HashSet_Part_II.csproj", "{6C581067-C6C5-42DA-85CF-C1838EE0A83C}"
EndProject
Project("{FAE04EC0-301F-11D3-BF4B-00C04F79EFBC}") = "SortedHashSet", "SortedHashSet\SortedHashSet.csproj", "{785874A2-0AA5-4A93-8473-76F44EA889C8}"
EndProject
Project("{FAE04EC0-301F-11D3-BF4B-00C04F79EFBC}") = "Stack", "Stack\Stack.csproj", "{D2784DAF-CF1B-4F78-B4D9-15BB55211118}"
EndProject
Project("{FAE04EC0-301F-11D3-BF4B-00C04F79EFBC}") = "StackUndo", "StackUndo\StackUndo.csproj", "{40224CD4-45C8-4A61-9FA6-B17008C1B8AE}"
EndProject
Project("{FAE04EC0-301F-11D3-BF4B-00C04F79EFBC}") = "Queue", "Queue\Queue.csproj", "{A073B866-D16E-42F3-B3B0-9251CF7F9E0A}"
EndProject
Project("{FAE04EC0-301F-11D3-BF4B-00C04F79EFBC}") = "QueueExercicio", "QueueExercicio\QueueExercicio.csproj", "{BE41392E-8E23-4A67-BA6F-0A9E69F57C62}"
EndProject
Project("{FAE04EC0-301F-11D3-BF4B-00C04F79EFBC}") = "ReadOnlyCollection", "ReadOnlyCollection\ReadOnlyCollection.csproj", "{111D05FB-6033-4BC2-A782-2E1810A0E3CB}"
EndProject
Project("{FAE04EC0-301F-11D3-BF4B-00C04F79EFBC}") = "ReadyOnly_Exercicio", "ReadyOnly_Exercicio\ReadyOnly_Exercicio.csproj", "{D9870263-48F2-4FD8-AF4B-4A69585E185A}"
EndProject
Project("{FAE04EC0-301F-11D3-BF4B-00C04F79EFBC}") = "ExercicioZero", "ExercicioZero\ExercicioZero.csproj", "{AA7AFF34-0AA3-4F9A-B57E-090E0D6A30F2}"
EndProject
Project("{FAE04EC0-301F-11D3-BF4B-00C04F79EFBC}") = "ExercicioUm", "ExercicioUm\ExercicioUm.csproj", "{D5288246-E899-41E0-9B19-A0491C2B2106}"
EndProject
Project("{FAE04EC0-301F-11D3-BF4B-00C04F79EFBC}") = "ExercicioDois", "ExercicioDois\ExercicioDois.csproj", "{6E975F27-58BA-423E-ABD8-47280B5D810F}"
EndProject
Project("{FAE04EC0-301F-11D3-BF4B-00C04F79EFBC}") = "ExercicioTres", "ExercicioTres\ExercicioTres.csproj", "{77F3EFD4-64A3-4F28-9D64-475DEDB98401}"
EndProject
Project("{FAE04EC0-301F-11D3-BF4B-00C04F79EFBC}") = "ExercicioQuatro", "ExercicioQuatro\ExercicioQuatro.csproj", "{F6EAF5FF-25BC-46B3-B539-871EBB0826CB}"
EndProject
Project("{FAE04EC0-301F-11D3-BF4B-00C04F79EFBC}") = "exercicio", "exercicio\exercicio.csproj", "{741253D1-6590-4E65-99A0-70474C78AFD4}"
EndProject
Global
	GlobalSection(SolutionConfigurationPlatforms) = preSolution
		Debug|Any CPU = Debug|Any CPU
		Release|Any CPU = Release|Any CPU
	EndGlobalSection
	GlobalSection(ProjectConfigurationPlatforms) = postSolution
		{CB614FAB-C68F-4DA0-946E-C6FB6923B8B5}.Debug|Any CPU.ActiveCfg = Debug|Any CPU
		{CB614FAB-C68F-4DA0-946E-C6FB6923B8B5}.Debug|Any CPU.Build.0 = Debug|Any CPU
		{CB614FAB-C68F-4DA0-946E-C6FB6923B8B5}.Release|Any CPU.ActiveCfg = Release|Any CPU
		{CB614FAB-C68F-4DA0-946E-C6FB6923B8B5}.Release|Any CPU.Build.0 = Release|Any CPU
		{4C129AF3-1BDB-42E8-98B6-08222DFF573C}.Debug|Any CPU.ActiveCfg = Debug|Any CPU
		{4C129AF3-1BDB-42E8-98B6-08222DFF573C}.Debug|Any CPU.Build.0 = Debug|Any CPU
		{4C129AF3-1BDB-42E8-98B6-08222DFF573C}.Release|Any CPU.ActiveCfg = Release|Any CPU
		{4C129AF3-1BDB-42E8-98B6-08222DFF573C}.Release|Any CPU.Build.0 = Release|Any CPU
		{3AA8323E-D46E-40D2-85DF-9A13531A3DFD}.Debug|Any CPU.ActiveCfg = Debug|Any CPU
		{3AA8323E-D46E-40D2-85DF-9A13531A3DFD}.Debug|Any CPU.Build.0 = Debug|Any CPU
		{3AA8323E-D46E-40D2-85DF-9A13531A3DFD}.Release|Any CPU.ActiveCfg = Release|Any CPU
		{3AA8323E-D46E-40D2-85DF-9A13531A3DFD}.Release|Any CPU.Build.0 = Release|Any CPU
		{90E7F163-9D88-4F58-BACA-5176B618D232}.Debug|Any CPU.ActiveCfg = Debug|Any CPU
		{90E7F163-9D88-4F58-BACA-5176B618D232}.Debug|Any CPU.Build.0 = Debug|Any CPU
		{90E7F163-9D88-4F58-BACA-5176B618D232}.Release|Any CPU.ActiveCfg = Release|Any CPU
		{90E7F163-9D88-4F58-BACA-5176B618D232}.Release|Any CPU.Build.0 = Release|Any CPU
		{83F37E6F-A3FC-4230-9905-7F0DE29AE864}.Debug|Any CPU.ActiveCfg = Debug|Any CPU
		{83F37E6F-A3FC-4230-9905-7F0DE29AE864}.Debug|Any CPU.Build.0 = Debug|Any CPU
		{83F37E6F-A3FC-4230-9905-7F0DE29AE864}.Release|Any CPU.ActiveCfg = Release|Any CPU
		{83F37E6F-A3FC-4230-9905-7F0DE29AE864}.Release|Any CPU.Build.0 = Release|Any CPU
		{7480FC2F-9BED-4F9D-9076-D42AF2C5ABEE}.Debug|Any CPU.ActiveCfg = Debug|Any CPU
		{7480FC2F-9BED-4F9D-9076-D42AF2C5ABEE}.Debug|Any CPU.Build.0 = Debug|Any CPU
		{7480FC2F-9BED-4F9D-9076-D42AF2C5ABEE}.Release|Any CPU.ActiveCfg = Release|Any CPU
		{7480FC2F-9BED-4F9D-9076-D42AF2C5ABEE}.Release|Any CPU.Build.0 = Release|Any CPU
		{EA075DB1-D9BF-47FF-AD82-98B5BCE97C4F}.Debug|Any CPU.ActiveCfg = Debug|Any CPU
		{EA075DB1-D9BF-47FF-AD82-98B5BCE97C4F}.Debug|Any CPU.Build.0 = Debug|Any CPU
		{EA075DB1-D9BF-47FF-AD82-98B5BCE97C4F}.Release|Any CPU.ActiveCfg = Release|Any CPU
		{EA075DB1-D9BF-47FF-AD82-98B5BCE97C4F}.Release|Any CPU.Build.0 = Release|Any CPU
		{1FF8C559-A281-4834-A1AA-1C828C51DF89}.Debug|Any CPU.ActiveCfg = Debug|Any CPU
		{1FF8C559-A281-4834-A1AA-1C828C51DF89}.Debug|Any CPU.Build.0 = Debug|Any CPU
		{1FF8C559-A281-4834-A1AA-1C828C51DF89}.Release|Any CPU.ActiveCfg = Release|Any CPU
		{1FF8C559-A281-4834-A1AA-1C828C51DF89}.Release|Any CPU.Build.0 = Release|Any CPU
		{6C581067-C6C5-42DA-85CF-C1838EE0A83C}.Debug|Any CPU.ActiveCfg = Debug|Any CPU
		{6C581067-C6C5-42DA-85CF-C1838EE0A83C}.Debug|Any CPU.Build.0 = Debug|Any CPU
		{6C581067-C6C5-42DA-85CF-C1838EE0A83C}.Release|Any CPU.ActiveCfg = Release|Any CPU
		{6C581067-C6C5-42DA-85CF-C1838EE0A83C}.Release|Any CPU.Build.0 = Release|Any CPU
		{785874A2-0AA5-4A93-8473-76F44EA889C8}.Debug|Any CPU.ActiveCfg = Debug|Any CPU
		{785874A2-0AA5-4A93-8473-76F44EA889C8}.Debug|Any CPU.Build.0 = Debug|Any CPU
		{785874A2-0AA5-4A93-8473-76F44EA889C8}.Release|Any CPU.ActiveCfg = Release|Any CPU
		{785874A2-0AA5-4A93-8473-76F44EA889C8}.Release|Any CPU.Build.0 = Release|Any CPU
		{D2784DAF-CF1B-4F78-B4D9-15BB55211118}.Debug|Any CPU.ActiveCfg = Debug|Any CPU
		{D2784DAF-CF1B-4F78-B4D9-15BB55211118}.Debug|Any CPU.Build.0 = Debug|Any CPU
		{D2784DAF-CF1B-4F78-B4D9-15BB55211118}.Release|Any CPU.ActiveCfg = Release|Any CPU
		{D2784DAF-CF1B-4F78-B4D9-15BB55211118}.Release|Any CPU.Build.0 = Release|Any CPU
		{40224CD4-45C8-4A61-9FA6-B17008C1B8AE}.Debug|Any CPU.ActiveCfg = Debug|Any CPU
		{40224CD4-45C8-4A61-9FA6-B17008C1B8AE}.Debug|Any CPU.Build.0 = Debug|Any CPU
		{40224CD4-45C8-4A61-9FA6-B17008C1B8AE}.Release|Any CPU.ActiveCfg = Release|Any CPU
		{40224CD4-45C8-4A61-9FA6-B17008C1B8AE}.Release|Any CPU.Build.0 = Release|Any CPU
		{A073B866-D16E-42F3-B3B0-9251CF7F9E0A}.Debug|Any CPU.ActiveCfg = Debug|Any CPU
		{A073B866-D16E-42F3-B3B0-9251CF7F9E0A}.Debug|Any CPU.Build.0 = Debug|Any CPU
		{A073B866-D16E-42F3-B3B0-9251CF7F9E0A}.Release|Any CPU.ActiveCfg = Release|Any CPU
		{A073B866-D16E-42F3-B3B0-9251CF7F9E0A}.Release|Any CPU.Build.0 = Release|Any CPU
		{BE41392E-8E23-4A67-BA6F-0A9E69F57C62}.Debug|Any CPU.ActiveCfg = Debug|Any CPU
		{BE41392E-8E23-4A67-BA6F-0A9E69F57C62}.Debug|Any CPU.Build.0 = Debug|Any CPU
		{BE41392E-8E23-4A67-BA6F-0A9E69F57C62}.Release|Any CPU.ActiveCfg = Release|Any CPU
		{BE41392E-8E23-4A67-BA6F-0A9E69F57C62}.Release|Any CPU.Build.0 = Release|Any CPU
		{111D05FB-6033-4BC2-A782-2E1810A0E3CB}.Debug|Any CPU.ActiveCfg = Debug|Any CPU
		{111D05FB-6033-4BC2-A782-2E1810A0E3CB}.Debug|Any CPU.Build.0 = Debug|Any CPU
		{111D05FB-6033-4BC2-A782-2E1810A0E3CB}.Release|Any CPU.ActiveCfg = Release|Any CPU
		{111D05FB-6033-4BC2-A782-2E1810A0E3CB}.Release|Any CPU.Build.0 = Release|Any CPU
		{D9870263-48F2-4FD8-AF4B-4A69585E185A}.Debug|Any CPU.ActiveCfg = Debug|Any CPU
		{D9870263-48F2-4FD8-AF4B-4A69585E185A}.Debug|Any CPU.Build.0 = Debug|Any CPU
		{D9870263-48F2-4FD8-AF4B-4A69585E185A}.Release|Any CPU.ActiveCfg = Release|Any CPU
		{D9870263-48F2-4FD8-AF4B-4A69585E185A}.Release|Any CPU.Build.0 = Release|Any CPU
		{AA7AFF34-0AA3-4F9A-B57E-090E0D6A30F2}.Debug|Any CPU.ActiveCfg = Debug|Any CPU
		{AA7AFF34-0AA3-4F9A-B57E-090E0D6A30F2}.Debug|Any CPU.Build.0 = Debug|Any CPU
		{AA7AFF34-0AA3-4F9A-B57E-090E0D6A30F2}.Release|Any CPU.ActiveCfg = Release|Any CPU
		{AA7AFF34-0AA3-4F9A-B57E-090E0D6A30F2}.Release|Any CPU.Build.0 = Release|Any CPU
		{D5288246-E899-41E0-9B19-A0491C2B2106}.Debug|Any CPU.ActiveCfg = Debug|Any CPU
		{D5288246-E899-41E0-9B19-A0491C2B2106}.Debug|Any CPU.Build.0 = Debug|Any CPU
		{D5288246-E899-41E0-9B19-A0491C2B2106}.Release|Any CPU.ActiveCfg = Release|Any CPU
		{D5288246-E899-41E0-9B19-A0491C2B2106}.Release|Any CPU.Build.0 = Release|Any CPU
		{6E975F27-58BA-423E-ABD8-47280B5D810F}.Debug|Any CPU.ActiveCfg = Debug|Any CPU
		{6E975F27-58BA-423E-ABD8-47280B5D810F}.Debug|Any CPU.Build.0 = Debug|Any CPU
		{6E975F27-58BA-423E-ABD8-47280B5D810F}.Release|Any CPU.ActiveCfg = Release|Any CPU
		{6E975F27-58BA-423E-ABD8-47280B5D810F}.Release|Any CPU.Build.0 = Release|Any CPU
		{77F3EFD4-64A3-4F28-9D64-475DEDB98401}.Debug|Any CPU.ActiveCfg = Debug|Any CPU
		{77F3EFD4-64A3-4F28-9D64-475DEDB98401}.Debug|Any CPU.Build.0 = Debug|Any CPU
		{77F3EFD4-64A3-4F28-9D64-475DEDB98401}.Release|Any CPU.ActiveCfg = Release|Any CPU
		{77F3EFD4-64A3-4F28-9D64-475DEDB98401}.Release|Any CPU.Build.0 = Release|Any CPU
		{F6EAF5FF-25BC-46B3-B539-871EBB0826CB}.Debug|Any CPU.ActiveCfg = Debug|Any CPU
		{F6EAF5FF-25BC-46B3-B539-871EBB0826CB}.Debug|Any CPU.Build.0 = Debug|Any CPU
		{F6EAF5FF-25BC-46B3-B539-871EBB0826CB}.Release|Any CPU.ActiveCfg = Release|Any CPU
		{F6EAF5FF-25BC-46B3-B539-871EBB0826CB}.Release|Any CPU.Build.0 = Release|Any CPU
		{741253D1-6590-4E65-99A0-70474C78AFD4}.Debug|Any CPU.ActiveCfg = Debug|Any CPU
		{741253D1-6590-4E65-99A0-70474C78AFD4}.Debug|Any CPU.Build.0 = Debug|Any CPU
		{741253D1-6590-4E65-99A0-70474C78AFD4}.Release|Any CPU.ActiveCfg = Release|Any CPU
		{741253D1-6590-4E65-99A0-70474C78AFD4}.Release|Any CPU.Build.0 = Release|Any CPU
	EndGlobalSection
	GlobalSection(SolutionProperties) = preSolution
		HideSolutionNode = FALSE
	EndGlobalSection
EndGlobal
