
Microsoft Visual Studio Solution File, Format Version 12.00
# Visual Studio Version 17
VisualStudioVersion = 17.11.35222.181
MinimumVisualStudioVersion = 10.0.40219.1
Project("{FAE04EC0-301F-11D3-BF4B-00C04F79EFBC}") = "SobreCargadMetodos", "SobreCargadMetodos.csproj", "{470F392D-588A-4B7B-9479-C0DD58781284}"
EndProject
Global
	GlobalSection(SolutionConfigurationPlatforms) = preSolution
		Debug|Any CPU = Debug|Any CPU
		Release|Any CPU = Release|Any CPU
	EndGlobalSection
	GlobalSection(ProjectConfigurationPlatforms) = postSolution
		{470F392D-588A-4B7B-9479-C0DD58781284}.Debug|Any CPU.ActiveCfg = Debug|Any CPU
		{470F392D-588A-4B7B-9479-C0DD58781284}.Debug|Any CPU.Build.0 = Debug|Any CPU
		{470F392D-588A-4B7B-9479-C0DD58781284}.Release|Any CPU.ActiveCfg = Release|Any CPU
		{470F392D-588A-4B7B-9479-C0DD58781284}.Release|Any CPU.Build.0 = Release|Any CPU
	EndGlobalSection
	GlobalSection(SolutionProperties) = preSolution
		HideSolutionNode = FALSE
	EndGlobalSection
	GlobalSection(ExtensibilityGlobals) = postSolution
		SolutionGuid = {F1925FEC-4ABB-4DDC-ABFF-855BD148DCC3}
	EndGlobalSection
EndGlobal
